// !$*UTF8*$!
{
	archiveVersion = 1;
	classes = {
	};
	objectVersion = 46;
	objects = {

/* Begin PBXBuildFile section */
		2A77EECC19EB384F008DDFFF /* AppDelegate.swift in Sources */ = {isa = PBXBuildFile; fileRef = 2A77EECB19EB384F008DDFFF /* AppDelegate.swift */; };
		2A77EECE19EB384F008DDFFF /* Images.xcassets in Resources */ = {isa = PBXBuildFile; fileRef = 2A77EECD19EB384F008DDFFF /* Images.xcassets */; };
		2A77EED119EB384F008DDFFF /* LaunchScreen.xib in Resources */ = {isa = PBXBuildFile; fileRef = 2A77EECF19EB384F008DDFFF /* LaunchScreen.xib */; };
		2A77EEDD19EB384F008DDFFF /* GrumblrTests.swift in Sources */ = {isa = PBXBuildFile; fileRef = 2A77EEDC19EB384F008DDFFF /* GrumblrTests.swift */; };
		2A77EEE719EB39B4008DDFFF /* AudioToolbox.framework in Frameworks */ = {isa = PBXBuildFile; fileRef = 2A77EEE619EB39B4008DDFFF /* AudioToolbox.framework */; };
		2A77EEE919EB39F4008DDFFF /* CFNetwork.framework in Frameworks */ = {isa = PBXBuildFile; fileRef = 2A77EEE819EB39F4008DDFFF /* CFNetwork.framework */; };
		2A77EEEB19EB3A08008DDFFF /* CoreGraphics.framework in Frameworks */ = {isa = PBXBuildFile; fileRef = 2A77EEEA19EB3A08008DDFFF /* CoreGraphics.framework */; };
		2A77EEED19EB3A13008DDFFF /* CoreLocation.framework in Frameworks */ = {isa = PBXBuildFile; fileRef = 2A77EEEC19EB3A13008DDFFF /* CoreLocation.framework */; };
		2A77EEEF19EB3A1F008DDFFF /* libz.dylib in Frameworks */ = {isa = PBXBuildFile; fileRef = 2A77EEEE19EB3A1F008DDFFF /* libz.dylib */; };
		2A77EEF119EB3A2A008DDFFF /* MobileCoreServices.framework in Frameworks */ = {isa = PBXBuildFile; fileRef = 2A77EEF019EB3A2A008DDFFF /* MobileCoreServices.framework */; };
		2A77EEF319EB3A37008DDFFF /* QuartzCore.framework in Frameworks */ = {isa = PBXBuildFile; fileRef = 2A77EEF219EB3A37008DDFFF /* QuartzCore.framework */; };
		2A77EEF519EB3A43008DDFFF /* Security.framework in Frameworks */ = {isa = PBXBuildFile; fileRef = 2A77EEF419EB3A43008DDFFF /* Security.framework */; };
		2A77EEF719EB3A51008DDFFF /* StoreKit.framework in Frameworks */ = {isa = PBXBuildFile; fileRef = 2A77EEF619EB3A51008DDFFF /* StoreKit.framework */; };
		2A77EEF919EB3A5B008DDFFF /* SystemConfiguration.framework in Frameworks */ = {isa = PBXBuildFile; fileRef = 2A77EEF819EB3A5B008DDFFF /* SystemConfiguration.framework */; };
		2A77EEFE19EB3BA7008DDFFF /* Bolts.framework in Frameworks */ = {isa = PBXBuildFile; fileRef = 2A77EEFB19EB3BA7008DDFFF /* Bolts.framework */; };
		2A77EEFF19EB3BA7008DDFFF /* Parse.framework in Frameworks */ = {isa = PBXBuildFile; fileRef = 2A77EEFC19EB3BA7008DDFFF /* Parse.framework */; };
		2A77EF0019EB3BA7008DDFFF /* ParseFacebookUtils.framework in Frameworks */ = {isa = PBXBuildFile; fileRef = 2A77EEFD19EB3BA7008DDFFF /* ParseFacebookUtils.framework */; };
		2A77EF0619EB3ECD008DDFFF /* Storyboard.storyboard in Resources */ = {isa = PBXBuildFile; fileRef = 2A77EF0519EB3ECD008DDFFF /* Storyboard.storyboard */; };
		2A77EF0819EB48F8008DDFFF /* TimeLineTableViewController.swift in Sources */ = {isa = PBXBuildFile; fileRef = 2A77EF0719EB48F8008DDFFF /* TimeLineTableViewController.swift */; };
		2A77EF0A19EB4979008DDFFF /* ComposeViewController.swift in Sources */ = {isa = PBXBuildFile; fileRef = 2A77EF0919EB4979008DDFFF /* ComposeViewController.swift */; };
		2A77EF0C19EB4C63008DDFFF /* PostTableViewCell.swift in Sources */ = {isa = PBXBuildFile; fileRef = 2A77EF0B19EB4C63008DDFFF /* PostTableViewCell.swift */; };
/* End PBXBuildFile section */

/* Begin PBXContainerItemProxy section */
		2A77EED719EB384F008DDFFF /* PBXContainerItemProxy */ = {
			isa = PBXContainerItemProxy;
			containerPortal = 2A77EEBE19EB384F008DDFFF /* Project object */;
			proxyType = 1;
			remoteGlobalIDString = 2A77EEC519EB384F008DDFFF;
			remoteInfo = Grumblr;
		};
/* End PBXContainerItemProxy section */

/* Begin PBXFileReference section */
		2A77EEC619EB384F008DDFFF /* Grumblr.app */ = {isa = PBXFileReference; explicitFileType = wrapper.application; includeInIndex = 0; path = Grumblr.app; sourceTree = BUILT_PRODUCTS_DIR; };
		2A77EECA19EB384F008DDFFF /* Info.plist */ = {isa = PBXFileReference; lastKnownFileType = text.plist.xml; path = Info.plist; sourceTree = "<group>"; };
		2A77EECB19EB384F008DDFFF /* AppDelegate.swift */ = {isa = PBXFileReference; lastKnownFileType = sourcecode.swift; path = AppDelegate.swift; sourceTree = "<group>"; };
		2A77EECD19EB384F008DDFFF /* Images.xcassets */ = {isa = PBXFileReference; lastKnownFileType = folder.assetcatalog; path = Images.xcassets; sourceTree = "<group>"; };
		2A77EED019EB384F008DDFFF /* Base */ = {isa = PBXFileReference; lastKnownFileType = file.xib; name = Base; path = Base.lproj/LaunchScreen.xib; sourceTree = "<group>"; };
		2A77EED619EB384F008DDFFF /* GrumblrTests.xctest */ = {isa = PBXFileReference; explicitFileType = wrapper.cfbundle; includeInIndex = 0; path = GrumblrTests.xctest; sourceTree = BUILT_PRODUCTS_DIR; };
		2A77EEDB19EB384F008DDFFF /* Info.plist */ = {isa = PBXFileReference; lastKnownFileType = text.plist.xml; path = Info.plist; sourceTree = "<group>"; };
		2A77EEDC19EB384F008DDFFF /* GrumblrTests.swift */ = {isa = PBXFileReference; lastKnownFileType = sourcecode.swift; path = GrumblrTests.swift; sourceTree = "<group>"; };
		2A77EEE619EB39B4008DDFFF /* AudioToolbox.framework */ = {isa = PBXFileReference; lastKnownFileType = wrapper.framework; name = AudioToolbox.framework; path = System/Library/Frameworks/AudioToolbox.framework; sourceTree = SDKROOT; };
		2A77EEE819EB39F4008DDFFF /* CFNetwork.framework */ = {isa = PBXFileReference; lastKnownFileType = wrapper.framework; name = CFNetwork.framework; path = System/Library/Frameworks/CFNetwork.framework; sourceTree = SDKROOT; };
		2A77EEEA19EB3A08008DDFFF /* CoreGraphics.framework */ = {isa = PBXFileReference; lastKnownFileType = wrapper.framework; name = CoreGraphics.framework; path = System/Library/Frameworks/CoreGraphics.framework; sourceTree = SDKROOT; };
		2A77EEEC19EB3A13008DDFFF /* CoreLocation.framework */ = {isa = PBXFileReference; lastKnownFileType = wrapper.framework; name = CoreLocation.framework; path = System/Library/Frameworks/CoreLocation.framework; sourceTree = SDKROOT; };
		2A77EEEE19EB3A1F008DDFFF /* libz.dylib */ = {isa = PBXFileReference; lastKnownFileType = "compiled.mach-o.dylib"; name = libz.dylib; path = usr/lib/libz.dylib; sourceTree = SDKROOT; };
		2A77EEF019EB3A2A008DDFFF /* MobileCoreServices.framework */ = {isa = PBXFileReference; lastKnownFileType = wrapper.framework; name = MobileCoreServices.framework; path = System/Library/Frameworks/MobileCoreServices.framework; sourceTree = SDKROOT; };
		2A77EEF219EB3A37008DDFFF /* QuartzCore.framework */ = {isa = PBXFileReference; lastKnownFileType = wrapper.framework; name = QuartzCore.framework; path = System/Library/Frameworks/QuartzCore.framework; sourceTree = SDKROOT; };
		2A77EEF419EB3A43008DDFFF /* Security.framework */ = {isa = PBXFileReference; lastKnownFileType = wrapper.framework; name = Security.framework; path = System/Library/Frameworks/Security.framework; sourceTree = SDKROOT; };
		2A77EEF619EB3A51008DDFFF /* StoreKit.framework */ = {isa = PBXFileReference; lastKnownFileType = wrapper.framework; name = StoreKit.framework; path = System/Library/Frameworks/StoreKit.framework; sourceTree = SDKROOT; };
		2A77EEF819EB3A5B008DDFFF /* SystemConfiguration.framework */ = {isa = PBXFileReference; lastKnownFileType = wrapper.framework; name = SystemConfiguration.framework; path = System/Library/Frameworks/SystemConfiguration.framework; sourceTree = SDKROOT; };
		2A77EEFB19EB3BA7008DDFFF /* Bolts.framework */ = {isa = PBXFileReference; lastKnownFileType = wrapper.framework; path = Bolts.framework; sourceTree = "<group>"; };
		2A77EEFC19EB3BA7008DDFFF /* Parse.framework */ = {isa = PBXFileReference; lastKnownFileType = wrapper.framework; path = Parse.framework; sourceTree = "<group>"; };
		2A77EEFD19EB3BA7008DDFFF /* ParseFacebookUtils.framework */ = {isa = PBXFileReference; lastKnownFileType = wrapper.framework; path = ParseFacebookUtils.framework; sourceTree = "<group>"; };
		2A77EF0219EB3C4C008DDFFF /* Grumblr-Bridging-Header.h */ = {isa = PBXFileReference; lastKnownFileType = sourcecode.c.h; path = "Grumblr-Bridging-Header.h"; sourceTree = "<group>"; };
		2A77EF0519EB3ECD008DDFFF /* Storyboard.storyboard */ = {isa = PBXFileReference; fileEncoding = 4; lastKnownFileType = file.storyboard; path = Storyboard.storyboard; sourceTree = "<group>"; };
		2A77EF0719EB48F8008DDFFF /* TimeLineTableViewController.swift */ = {isa = PBXFileReference; fileEncoding = 4; lastKnownFileType = sourcecode.swift; path = TimeLineTableViewController.swift; sourceTree = "<group>"; };
		2A77EF0919EB4979008DDFFF /* ComposeViewController.swift */ = {isa = PBXFileReference; fileEncoding = 4; lastKnownFileType = sourcecode.swift; path = ComposeViewController.swift; sourceTree = "<group>"; };
		2A77EF0B19EB4C63008DDFFF /* PostTableViewCell.swift */ = {isa = PBXFileReference; fileEncoding = 4; lastKnownFileType = sourcecode.swift; path = PostTableViewCell.swift; sourceTree = "<group>"; };
/* End PBXFileReference section */

/* Begin PBXFrameworksBuildPhase section */
		2A77EEC319EB384F008DDFFF /* Frameworks */ = {
			isa = PBXFrameworksBuildPhase;
			buildActionMask = 2147483647;
			files = (
				2A77EEF919EB3A5B008DDFFF /* SystemConfiguration.framework in Frameworks */,
				2A77EEF719EB3A51008DDFFF /* StoreKit.framework in Frameworks */,
				2A77EEF519EB3A43008DDFFF /* Security.framework in Frameworks */,
				2A77EEF319EB3A37008DDFFF /* QuartzCore.framework in Frameworks */,
				2A77EEF119EB3A2A008DDFFF /* MobileCoreServices.framework in Frameworks */,
				2A77EEEF19EB3A1F008DDFFF /* libz.dylib in Frameworks */,
				2A77EEED19EB3A13008DDFFF /* CoreLocation.framework in Frameworks */,
				2A77EEEB19EB3A08008DDFFF /* CoreGraphics.framework in Frameworks */,
				2A77EEFE19EB3BA7008DDFFF /* Bolts.framework in Frameworks */,
				2A77EEE919EB39F4008DDFFF /* CFNetwork.framework in Frameworks */,
				2A77EEFF19EB3BA7008DDFFF /* Parse.framework in Frameworks */,
				2A77EEE719EB39B4008DDFFF /* AudioToolbox.framework in Frameworks */,
				2A77EF0019EB3BA7008DDFFF /* ParseFacebookUtils.framework in Frameworks */,
			);
			runOnlyForDeploymentPostprocessing = 0;
		};
		2A77EED319EB384F008DDFFF /* Frameworks */ = {
			isa = PBXFrameworksBuildPhase;
			buildActionMask = 2147483647;
			files = (
			);
			runOnlyForDeploymentPostprocessing = 0;
		};
/* End PBXFrameworksBuildPhase section */

/* Begin PBXGroup section */
		2A77EEBD19EB384F008DDFFF = {
			isa = PBXGroup;
			children = (
				2A77EEFA19EB3BA7008DDFFF /* parse-library-1.4.1 */,
				2A77EF0119EB3BEC008DDFFF /* frameworks */,
				2A77EEC819EB384F008DDFFF /* Grumblr */,
				2A77EED919EB384F008DDFFF /* GrumblrTests */,
				2A77EEC719EB384F008DDFFF /* Products */,
			);
			sourceTree = "<group>";
		};
		2A77EEC719EB384F008DDFFF /* Products */ = {
			isa = PBXGroup;
			children = (
				2A77EEC619EB384F008DDFFF /* Grumblr.app */,
				2A77EED619EB384F008DDFFF /* GrumblrTests.xctest */,
			);
			name = Products;
			sourceTree = "<group>";
		};
		2A77EEC819EB384F008DDFFF /* Grumblr */ = {
			isa = PBXGroup;
			children = (
				2A77EECB19EB384F008DDFFF /* AppDelegate.swift */,
				2A77EF0519EB3ECD008DDFFF /* Storyboard.storyboard */,
				2A77EF0919EB4979008DDFFF /* ComposeViewController.swift */,
				2A77EF0719EB48F8008DDFFF /* TimeLineTableViewController.swift */,
				2A77EF0B19EB4C63008DDFFF /* PostTableViewCell.swift */,
				2A77EF0219EB3C4C008DDFFF /* Grumblr-Bridging-Header.h */,
				2A77EECD19EB384F008DDFFF /* Images.xcassets */,
				2A77EECF19EB384F008DDFFF /* LaunchScreen.xib */,
				2A77EEC919EB384F008DDFFF /* Supporting Files */,
			);
			path = Grumblr;
			sourceTree = "<group>";
		};
		2A77EEC919EB384F008DDFFF /* Supporting Files */ = {
			isa = PBXGroup;
			children = (
				2A77EECA19EB384F008DDFFF /* Info.plist */,
			);
			name = "Supporting Files";
			sourceTree = "<group>";
		};
		2A77EED919EB384F008DDFFF /* GrumblrTests */ = {
			isa = PBXGroup;
			children = (
				2A77EEDC19EB384F008DDFFF /* GrumblrTests.swift */,
				2A77EEDA19EB384F008DDFFF /* Supporting Files */,
			);
			path = GrumblrTests;
			sourceTree = "<group>";
		};
		2A77EEDA19EB384F008DDFFF /* Supporting Files */ = {
			isa = PBXGroup;
			children = (
				2A77EEDB19EB384F008DDFFF /* Info.plist */,
			);
			name = "Supporting Files";
			sourceTree = "<group>";
		};
		2A77EEFA19EB3BA7008DDFFF /* parse-library-1.4.1 */ = {
			isa = PBXGroup;
			children = (
				2A77EEFB19EB3BA7008DDFFF /* Bolts.framework */,
				2A77EEFC19EB3BA7008DDFFF /* Parse.framework */,
				2A77EEFD19EB3BA7008DDFFF /* ParseFacebookUtils.framework */,
			);
			path = "parse-library-1.4.1";
			sourceTree = "<group>";
		};
		2A77EF0119EB3BEC008DDFFF /* frameworks */ = {
			isa = PBXGroup;
			children = (
				2A77EEF819EB3A5B008DDFFF /* SystemConfiguration.framework */,
				2A77EEF619EB3A51008DDFFF /* StoreKit.framework */,
				2A77EEF419EB3A43008DDFFF /* Security.framework */,
				2A77EEF219EB3A37008DDFFF /* QuartzCore.framework */,
				2A77EEF019EB3A2A008DDFFF /* MobileCoreServices.framework */,
				2A77EEEE19EB3A1F008DDFFF /* libz.dylib */,
				2A77EEEC19EB3A13008DDFFF /* CoreLocation.framework */,
				2A77EEEA19EB3A08008DDFFF /* CoreGraphics.framework */,
				2A77EEE819EB39F4008DDFFF /* CFNetwork.framework */,
				2A77EEE619EB39B4008DDFFF /* AudioToolbox.framework */,
			);
			name = frameworks;
			sourceTree = "<group>";
		};
/* End PBXGroup section */

/* Begin PBXNativeTarget section */
		2A77EEC519EB384F008DDFFF /* Grumblr */ = {
			isa = PBXNativeTarget;
			buildConfigurationList = 2A77EEE019EB384F008DDFFF /* Build configuration list for PBXNativeTarget "Grumblr" */;
			buildPhases = (
				2A77EEC219EB384F008DDFFF /* Sources */,
				2A77EEC319EB384F008DDFFF /* Frameworks */,
				2A77EEC419EB384F008DDFFF /* Resources */,
			);
			buildRules = (
			);
			dependencies = (
			);
			name = Grumblr;
			productName = Grumblr;
			productReference = 2A77EEC619EB384F008DDFFF /* Grumblr.app */;
			productType = "com.apple.product-type.application";
		};
		2A77EED519EB384F008DDFFF /* GrumblrTests */ = {
			isa = PBXNativeTarget;
			buildConfigurationList = 2A77EEE319EB384F008DDFFF /* Build configuration list for PBXNativeTarget "GrumblrTests" */;
			buildPhases = (
				2A77EED219EB384F008DDFFF /* Sources */,
				2A77EED319EB384F008DDFFF /* Frameworks */,
				2A77EED419EB384F008DDFFF /* Resources */,
			);
			buildRules = (
			);
			dependencies = (
				2A77EED819EB384F008DDFFF /* PBXTargetDependency */,
			);
			name = GrumblrTests;
			productName = GrumblrTests;
			productReference = 2A77EED619EB384F008DDFFF /* GrumblrTests.xctest */;
			productType = "com.apple.product-type.bundle.unit-test";
		};
/* End PBXNativeTarget section */

/* Begin PBXProject section */
		2A77EEBE19EB384F008DDFFF /* Project object */ = {
			isa = PBXProject;
			attributes = {
				LastUpgradeCheck = 0600;
				ORGANIZATIONNAME = "Adhish Ramkumar";
				TargetAttributes = {
					2A77EEC519EB384F008DDFFF = {
						CreatedOnToolsVersion = 6.0.1;
					};
					2A77EED519EB384F008DDFFF = {
						CreatedOnToolsVersion = 6.0.1;
						TestTargetID = 2A77EEC519EB384F008DDFFF;
					};
				};
			};
			buildConfigurationList = 2A77EEC119EB384F008DDFFF /* Build configuration list for PBXProject "Grumblr" */;
			compatibilityVersion = "Xcode 3.2";
			developmentRegion = English;
			hasScannedForEncodings = 0;
			knownRegions = (
				en,
				Base,
			);
			mainGroup = 2A77EEBD19EB384F008DDFFF;
			productRefGroup = 2A77EEC719EB384F008DDFFF /* Products */;
			projectDirPath = "";
			projectRoot = "";
			targets = (
				2A77EEC519EB384F008DDFFF /* Grumblr */,
				2A77EED519EB384F008DDFFF /* GrumblrTests */,
			);
		};
/* End PBXProject section */

/* Begin PBXResourcesBuildPhase section */
		2A77EEC419EB384F008DDFFF /* Resources */ = {
			isa = PBXResourcesBuildPhase;
			buildActionMask = 2147483647;
			files = (
				2A77EED119EB384F008DDFFF /* LaunchScreen.xib in Resources */,
				2A77EECE19EB384F008DDFFF /* Images.xcassets in Resources */,
				2A77EF0619EB3ECD008DDFFF /* Storyboard.storyboard in Resources */,
			);
			runOnlyForDeploymentPostprocessing = 0;
		};
		2A77EED419EB384F008DDFFF /* Resources */ = {
			isa = PBXResourcesBuildPhase;
			buildActionMask = 2147483647;
			files = (
			);
			runOnlyForDeploymentPostprocessing = 0;
		};
/* End PBXResourcesBuildPhase section */

/* Begin PBXSourcesBuildPhase section */
		2A77EEC219EB384F008DDFFF /* Sources */ = {
			isa = PBXSourcesBuildPhase;
			buildActionMask = 2147483647;
			files = (
				2A77EF0A19EB4979008DDFFF /* ComposeViewController.swift in Sources */,
				2A77EF0819EB48F8008DDFFF /* TimeLineTableViewController.swift in Sources */,
				2A77EECC19EB384F008DDFFF /* AppDelegate.swift in Sources */,
				2A77EF0C19EB4C63008DDFFF /* PostTableViewCell.swift in Sources */,
			);
			runOnlyForDeploymentPostprocessing = 0;
		};
		2A77EED219EB384F008DDFFF /* Sources */ = {
			isa = PBXSourcesBuildPhase;
			buildActionMask = 2147483647;
			files = (
				2A77EEDD19EB384F008DDFFF /* GrumblrTests.swift in Sources */,
			);
			runOnlyForDeploymentPostprocessing = 0;
		};
/* End PBXSourcesBuildPhase section */

/* Begin PBXTargetDependency section */
		2A77EED819EB384F008DDFFF /* PBXTargetDependency */ = {
			isa = PBXTargetDependency;
			target = 2A77EEC519EB384F008DDFFF /* Grumblr */;
			targetProxy = 2A77EED719EB384F008DDFFF /* PBXContainerItemProxy */;
		};
/* End PBXTargetDependency section */

/* Begin PBXVariantGroup section */
		2A77EECF19EB384F008DDFFF /* LaunchScreen.xib */ = {
			isa = PBXVariantGroup;
			children = (
				2A77EED019EB384F008DDFFF /* Base */,
			);
			name = LaunchScreen.xib;
			sourceTree = "<group>";
		};
/* End PBXVariantGroup section */

/* Begin XCBuildConfiguration section */
		2A77EEDE19EB384F008DDFFF /* Debug */ = {
			isa = XCBuildConfiguration;
			buildSettings = {
				ALWAYS_SEARCH_USER_PATHS = NO;
				CLANG_CXX_LANGUAGE_STANDARD = "gnu++0x";
				CLANG_CXX_LIBRARY = "libc++";
				CLANG_ENABLE_MODULES = YES;
				CLANG_ENABLE_OBJC_ARC = YES;
				CLANG_WARN_BOOL_CONVERSION = YES;
				CLANG_WARN_CONSTANT_CONVERSION = YES;
				CLANG_WARN_DIRECT_OBJC_ISA_USAGE = YES_ERROR;
				CLANG_WARN_EMPTY_BODY = YES;
				CLANG_WARN_ENUM_CONVERSION = YES;
				CLANG_WARN_INT_CONVERSION = YES;
				CLANG_WARN_OBJC_ROOT_CLASS = YES_ERROR;
				CLANG_WARN_UNREACHABLE_CODE = YES;
				CLANG_WARN__DUPLICATE_METHOD_MATCH = YES;
				"CODE_SIGN_IDENTITY[sdk=iphoneos*]" = "iPhone Developer";
				COPY_PHASE_STRIP = NO;
				ENABLE_STRICT_OBJC_MSGSEND = YES;
				GCC_C_LANGUAGE_STANDARD = gnu99;
				GCC_DYNAMIC_NO_PIC = NO;
				GCC_OPTIMIZATION_LEVEL = 0;
				GCC_PREPROCESSOR_DEFINITIONS = (
					"DEBUG=1",
					"$(inherited)",
				);
				GCC_SYMBOLS_PRIVATE_EXTERN = NO;
				GCC_WARN_64_TO_32_BIT_CONVERSION = YES;
				GCC_WARN_ABOUT_RETURN_TYPE = YES_ERROR;
				GCC_WARN_UNDECLARED_SELECTOR = YES;
				GCC_WARN_UNINITIALIZED_AUTOS = YES_AGGRESSIVE;
				GCC_WARN_UNUSED_FUNCTION = YES;
				GCC_WARN_UNUSED_VARIABLE = YES;
				IPHONEOS_DEPLOYMENT_TARGET = 8.0;
				MTL_ENABLE_DEBUG_INFO = YES;
				ONLY_ACTIVE_ARCH = YES;
				SDKROOT = iphoneos;
				SWIFT_OPTIMIZATION_LEVEL = "-Onone";
			};
			name = Debug;
		};
		2A77EEDF19EB384F008DDFFF /* Release */ = {
			isa = XCBuildConfiguration;
			buildSettings = {
				ALWAYS_SEARCH_USER_PATHS = NO;
				CLANG_CXX_LANGUAGE_STANDARD = "gnu++0x";
				CLANG_CXX_LIBRARY = "libc++";
				CLANG_ENABLE_MODULES = YES;
				CLANG_ENABLE_OBJC_ARC = YES;
				CLANG_WARN_BOOL_CONVERSION = YES;
				CLANG_WARN_CONSTANT_CONVERSION = YES;
				CLANG_WARN_DIRECT_OBJC_ISA_USAGE = YES_ERROR;
				CLANG_WARN_EMPTY_BODY = YES;
				CLANG_WARN_ENUM_CONVERSION = YES;
				CLANG_WARN_INT_CONVERSION = YES;
				CLANG_WARN_OBJC_ROOT_CLASS = YES_ERROR;
				CLANG_WARN_UNREACHABLE_CODE = YES;
				CLANG_WARN__DUPLICATE_METHOD_MATCH = YES;
				"CODE_SIGN_IDENTITY[sdk=iphoneos*]" = "iPhone Developer";
				COPY_PHASE_STRIP = YES;
				ENABLE_NS_ASSERTIONS = NO;
				ENABLE_STRICT_OBJC_MSGSEND = YES;
				GCC_C_LANGUAGE_STANDARD = gnu99;
				GCC_WARN_64_TO_32_BIT_CONVERSION = YES;
				GCC_WARN_ABOUT_RETURN_TYPE = YES_ERROR;
				GCC_WARN_UNDECLARED_SELECTOR = YES;
				GCC_WARN_UNINITIALIZED_AUTOS = YES_AGGRESSIVE;
				GCC_WARN_UNUSED_FUNCTION = YES;
				GCC_WARN_UNUSED_VARIABLE = YES;
				IPHONEOS_DEPLOYMENT_TARGET = 8.0;
				MTL_ENABLE_DEBUG_INFO = NO;
				SDKROOT = iphoneos;
				VALIDATE_PRODUCT = YES;
			};
			name = Release;
		};
		2A77EEE119EB384F008DDFFF /* Debug */ = {
			isa = XCBuildConfiguration;
			buildSettings = {
				ASSETCATALOG_COMPILER_APPICON_NAME = AppIcon;
				CLANG_ENABLE_MODULES = YES;
				FRAMEWORK_SEARCH_PATHS = (
					"$(inherited)",
					"$(PROJECT_DIR)/parse-library-1.4.1",
				);
				INFOPLIST_FILE = Grumblr/Info.plist;
				LD_RUNPATH_SEARCH_PATHS = "$(inherited) @executable_path/Frameworks";
				PRODUCT_NAME = "$(TARGET_NAME)";
				SWIFT_OBJC_BRIDGING_HEADER = "Grumblr/Grumblr-Bridging-Header.h";
				SWIFT_OPTIMIZATION_LEVEL = "-Onone";
				TARGETED_DEVICE_FAMILY = "1,2";
			};
			name = Debug;
		};
		2A77EEE219EB384F008DDFFF /* Release */ = {
			isa = XCBuildConfiguration;
			buildSettings = {
				ASSETCATALOG_COMPILER_APPICON_NAME = AppIcon;
				CLANG_ENABLE_MODULES = YES;
				FRAMEWORK_SEARCH_PATHS = (
					"$(inherited)",
					"$(PROJECT_DIR)/parse-library-1.4.1",
				);
				INFOPLIST_FILE = Grumblr/Info.plist;
				LD_RUNPATH_SEARCH_PATHS = "$(inherited) @executable_path/Frameworks";
				PRODUCT_NAME = "$(TARGET_NAME)";
				SWIFT_OBJC_BRIDGING_HEADER = "Grumblr/Grumblr-Bridging-Header.h";
				TARGETED_DEVICE_FAMILY = "1,2";
			};
			name = Release;
		};
		2A77EEE419EB384F008DDFFF /* Debug */ = {
			isa = XCBuildConfiguration;
			buildSettings = {
				BUNDLE_LOADER = "$(TEST_HOST)";
				FRAMEWORK_SEARCH_PATHS = (
					"$(SDKROOT)/Developer/Library/Frameworks",
					"$(inherited)",
				);
				GCC_PREPROCESSOR_DEFINITIONS = (
					"DEBUG=1",
					"$(inherited)",
				);
				INFOPLIST_FILE = GrumblrTests/Info.plist;
				LD_RUNPATH_SEARCH_PATHS = "$(inherited) @executable_path/Frameworks @loader_path/Frameworks";
				PRODUCT_NAME = "$(TARGET_NAME)";
				TEST_HOST = "$(BUILT_PRODUCTS_DIR)/Grumblr.app/Grumblr";
			};
			name = Debug;
		};
		2A77EEE519EB384F008DDFFF /* Release */ = {
			isa = XCBuildConfiguration;
			buildSettings = {
				BUNDLE_LOADER = "$(TEST_HOST)";
				FRAMEWORK_SEARCH_PATHS = (
					"$(SDKROOT)/Developer/Library/Frameworks",
					"$(inherited)",
				);
				INFOPLIST_FILE = GrumblrTests/Info.plist;
				LD_RUNPATH_SEARCH_PATHS = "$(inherited) @executable_path/Frameworks @loader_path/Frameworks";
				PRODUCT_NAME = "$(TARGET_NAME)";
				TEST_HOST = "$(BUILT_PRODUCTS_DIR)/Grumblr.app/Grumblr";
			};
			name = Release;
		};
/* End XCBuildConfiguration section */

/* Begin XCConfigurationList section */
		2A77EEC119EB384F008DDFFF /* Build configuration list for PBXProject "Grumblr" */ = {
			isa = XCConfigurationList;
			buildConfigurations = (
				2A77EEDE19EB384F008DDFFF /* Debug */,
				2A77EEDF19EB384F008DDFFF /* Release */,
			);
			defaultConfigurationIsVisible = 0;
			defaultConfigurationName = Release;
		};
		2A77EEE019EB384F008DDFFF /* Build configuration list for PBXNativeTarget "Grumblr" */ = {
			isa = XCConfigurationList;
			buildConfigurations = (
				2A77EEE119EB384F008DDFFF /* Debug */,
				2A77EEE219EB384F008DDFFF /* Release */,
			);
			defaultConfigurationIsVisible = 0;
			defaultConfigurationName = Release;
		};
		2A77EEE319EB384F008DDFFF /* Build configuration list for PBXNativeTarget "GrumblrTests" */ = {
			isa = XCConfigurationList;
			buildConfigurations = (
				2A77EEE419EB384F008DDFFF /* Debug */,
				2A77EEE519EB384F008DDFFF /* Release */,
			);
			defaultConfigurationIsVisible = 0;
			defaultConfigurationName = Release;
		};
/* End XCConfigurationList section */
	};
	rootObject = 2A77EEBE19EB384F008DDFFF /* Project object */;
}
